
Microsoft Visual Studio Solution File, Format Version 12.00
# Visual Studio Version 16
VisualStudioVersion = 16.0.30011.22
MinimumVisualStudioVersion = 10.0.40219.1
Project("{FAE04EC0-301F-11D3-BF4B-00C04F79EFBC}") = "Lab7", "Lab7\Lab7.csproj", "{DF5AB61B-8D67-4722-B051-1C9FE0ABA558}"
EndProject
Global
	GlobalSection(SolutionConfigurationPlatforms) = preSolution
		Debug|Any CPU = Debug|Any CPU
		Release|Any CPU = Release|Any CPU
	EndGlobalSection
	GlobalSection(ProjectConfigurationPlatforms) = postSolution
		{DF5AB61B-8D67-4722-B051-1C9FE0ABA558}.Debug|Any CPU.ActiveCfg = Debug|Any CPU
		{DF5AB61B-8D67-4722-B051-1C9FE0ABA558}.Debug|Any CPU.Build.0 = Debug|Any CPU
		{DF5AB61B-8D67-4722-B051-1C9FE0ABA558}.Release|Any CPU.ActiveCfg = Release|Any CPU
		{DF5AB61B-8D67-4722-B051-1C9FE0ABA558}.Release|Any CPU.Build.0 = Release|Any CPU
	EndGlobalSection
	GlobalSection(SolutionProperties) = preSolution
		HideSolutionNode = FALSE
	EndGlobalSection
	GlobalSection(ExtensibilityGlobals) = postSolution
		SolutionGuid = {B544C4AE-CB5B-4E17-8C25-8A6C5F946A08}
	EndGlobalSection
EndGlobal
